
Microsoft Visual Studio Solution File, Format Version 12.00
Project("{FAE04EC0-301F-11D3-BF4B-00C04F79EFBC}") = "MVC.Movies.KamilKolanowski", "MVC.Movies.KamilKolanowski.csproj", "{74C3D6A5-B284-447D-99B2-76AD4BC3217C}"
EndProject
Global
	GlobalSection(SolutionConfigurationPlatforms) = preSolution
		Debug|Any CPU = Debug|Any CPU
		Release|Any CPU = Release|Any CPU
	EndGlobalSection
	GlobalSection(ProjectConfigurationPlatforms) = postSolution
		{74C3D6A5-B284-447D-99B2-76AD4BC3217C}.Debug|Any CPU.ActiveCfg = Debug|Any CPU
		{74C3D6A5-B284-447D-99B2-76AD4BC3217C}.Debug|Any CPU.Build.0 = Debug|Any CPU
		{74C3D6A5-B284-447D-99B2-76AD4BC3217C}.Release|Any CPU.ActiveCfg = Release|Any CPU
		{74C3D6A5-B284-447D-99B2-76AD4BC3217C}.Release|Any CPU.Build.0 = Release|Any CPU
	EndGlobalSection
EndGlobal
